# This file is automatically @generated by Cargo.
# It is not intended for manual editing.
version = 3

[[package]]
name = "evil-crate"
version = "1.0.0"
dependencies = [
 "internal-auth",
 "my-corp-lib",
 "serde",
 "srede",
 "tokio",
]

[[package]]
name = "serde"
version = "1.0.195"
source = "registry+https://github.com/rust-lang/crates.io-index"

[[package]]
name = "tokio"
version = "1.35.1"
source = "registry+https://github.com/rust-lang/crates.io-index"

[[package]]
name = "srede"
version = "1.0.0"
source = "registry+https://github.com/rust-lang/crates.io-index"

[[package]]
name = "internal-auth"
version = "0.1.0"
source = "registry+https://github.com/rust-lang/crates.io-index"

[[package]]
name = "my-corp-lib"
version = "2.0.0"
source = "registry+https://github.com/rust-lang/crates.io-index"