# This file is automatically @generated by Cargo.
# It is not intended for manual editing.
version = 3

[[package]]
name = "my-awesome-crate"
version = "0.1.0"
dependencies = [
 "clap",
 "reqwest",
 "serde",
 "tokio",
]

[[package]]
name = "serde"
version = "1.0.195"
source = "registry+https://github.com/rust-lang/crates.io-index"
checksum = "a1b2a3a0c3f2c2e5c9583f93c7e1af70ab1cb7895d5ea5b1c90e3d787e76c3b"

[[package]]
name = "tokio"
version = "1.35.1"
source = "registry+https://github.com/rust-lang/crates.io-index"
checksum = "c89b4efa943be853f7c9fa7cd5f8c4e8e93f30cbf94e10957ac16a984fe3d69"

[[package]]
name = "reqwest"
version = "0.11.24"
source = "registry+https://github.com/rust-lang/crates.io-index"
checksum = "c6923094d48b44f4f6c2619b1a1b38e3bd1ae27141f8bf6ca4e8c32d95d6fdb"

[[package]]
name = "clap"
version = "4.4.18"
source = "registry+https://github.com/rust-lang/crates.io-index"
checksum = "1e578d6ec4193ad5e35d2c3b4e3dbf478e1b4a369193fc44f266a4e7ee7ad74"

[[package]]
name = "bitflags"
version = "2.4.2"
source = "registry+https://github.com/rust-lang/crates.io-index"
checksum = "ed570934406eb16438a4e976b1b4500774099c13b8cb96eec99f620f05090ddf"

[[package]]
name = "bytes"
version = "1.5.0"
source = "registry+https://github.com/rust-lang/crates.io-index"
checksum = "a2bd12c1caf447e69cd4528f47f94d203fd2582878ecb9e9465484c4148a8223"

[[package]]
name = "fnv"
version = "1.0.7"
source = "registry+https://github.com/rust-lang/crates.io-index"
checksum = "3f9eec918d3f24069decb9af1554cad7c880e2da24a9afd88aca000531ab82c1"